// !$*UTF8*$!
{
	archiveVersion = 1;
	classes = {
	};
	objectVersion = 56;
	objects = {

/* Begin PBXBuildFile section */
		045FE8B62BCD90E500B0084E /* MainPostCell.swift in Sources */ = {isa = PBXBuildFile; fileRef = 045FE8B52BCD90E500B0084E /* MainPostCell.swift */; };
		045FE8BA2BCD923800B0084E /* PostItem.swift in Sources */ = {isa = PBXBuildFile; fileRef = 045FE8B92BCD923800B0084E /* PostItem.swift */; };
		045FE8C12BCD998300B0084E /* TagCollectionView.swift in Sources */ = {isa = PBXBuildFile; fileRef = 045FE8C02BCD998300B0084E /* TagCollectionView.swift */; };
		045FE8C32BCD99E400B0084E /* TagCollectionCell.swift in Sources */ = {isa = PBXBuildFile; fileRef = 045FE8C22BCD99E400B0084E /* TagCollectionCell.swift */; };
		045FE8C52BCD9A4200B0084E /* UIApplication.ext.swift in Sources */ = {isa = PBXBuildFile; fileRef = 045FE8C42BCD9A4200B0084E /* UIApplication.ext.swift */; };
		045FE8C72BCD9A6800B0084E /* Date.ext.swift in Sources */ = {isa = PBXBuildFile; fileRef = 045FE8C62BCD9A6800B0084E /* Date.ext.swift */; };
		045FE8CA2BCD9C0F00B0084E /* FavoriteViewPresenter.swift in Sources */ = {isa = PBXBuildFile; fileRef = 045FE8C92BCD9C0F00B0084E /* FavoriteViewPresenter.swift */; };
		045FE8CC2BCD9C6900B0084E /* FavoriteCell.swift in Sources */ = {isa = PBXBuildFile; fileRef = 045FE8CB2BCD9C6900B0084E /* FavoriteCell.swift */; };
		D63926432BCE6C7C00D936FB /* DetailsViewPresenter.swift in Sources */ = {isa = PBXBuildFile; fileRef = D63926422BCE6C7C00D936FB /* DetailsViewPresenter.swift */; };
		D63926452BCE6D5700D936FB /* DetailsView.swift in Sources */ = {isa = PBXBuildFile; fileRef = D63926442BCE6D5700D936FB /* DetailsView.swift */; };
		D63926482BCE739E00D936FB /* NavigationHeader.swift in Sources */ = {isa = PBXBuildFile; fileRef = D63926472BCE739E00D936FB /* NavigationHeader.swift */; };
		D6DBD9282BD1745500BE31F1 /* MainPostHeader.swift in Sources */ = {isa = PBXBuildFile; fileRef = D6DBD9272BD1745500BE31F1 /* MainPostHeader.swift */; };
		D6F0F7462BC67F88006E38C4 /* AppDelegate.swift in Sources */ = {isa = PBXBuildFile; fileRef = D6F0F7452BC67F88006E38C4 /* AppDelegate.swift */; };
		D6F0F7482BC67F88006E38C4 /* SceneDelegate.swift in Sources */ = {isa = PBXBuildFile; fileRef = D6F0F7472BC67F88006E38C4 /* SceneDelegate.swift */; };
		D6F0F74F2BC67F89006E38C4 /* Assets.xcassets in Resources */ = {isa = PBXBuildFile; fileRef = D6F0F74E2BC67F89006E38C4 /* Assets.xcassets */; };
		D6F0F7522BC67F89006E38C4 /* LaunchScreen.storyboard in Resources */ = {isa = PBXBuildFile; fileRef = D6F0F7502BC67F89006E38C4 /* LaunchScreen.storyboard */; };
		D6F0F75E2BC68977006E38C4 /* PasscodeView.swift in Sources */ = {isa = PBXBuildFile; fileRef = D6F0F75D2BC68977006E38C4 /* PasscodeView.swift */; };
		D6F0F7622BC689F6006E38C4 /* Builder.swift in Sources */ = {isa = PBXBuildFile; fileRef = D6F0F7612BC689F6006E38C4 /* Builder.swift */; };
		D6F0F7652BC6985D006E38C4 /* PasscodePresenter.swift in Sources */ = {isa = PBXBuildFile; fileRef = D6F0F7642BC6985D006E38C4 /* PasscodePresenter.swift */; };
		D6F0F7682BC6BF37006E38C4 /* UIView.ext.swift in Sources */ = {isa = PBXBuildFile; fileRef = D6F0F7672BC6BF37006E38C4 /* UIView.ext.swift */; };
		D6F0F76B2BC7E9F5006E38C4 /* KeychainManager.swift in Sources */ = {isa = PBXBuildFile; fileRef = D6F0F76A2BC7E9F5006E38C4 /* KeychainManager.swift */; };
		D6F0F76E2BC7EAFE006E38C4 /* KeychainAccess in Frameworks */ = {isa = PBXBuildFile; productRef = D6F0F76D2BC7EAFE006E38C4 /* KeychainAccess */; };
		D6F0F7702BC7F1F6006E38C4 /* StringProtocol.ext.swift in Sources */ = {isa = PBXBuildFile; fileRef = D6F0F76F2BC7F1F6006E38C4 /* StringProtocol.ext.swift */; };
		D6F0F7A32BC937CD006E38C4 /* MainScreenView.swift in Sources */ = {isa = PBXBuildFile; fileRef = D6F0F7A22BC937CD006E38C4 /* MainScreenView.swift */; };
		D6F0F7A72BC93823006E38C4 /* FavotiteView.swift in Sources */ = {isa = PBXBuildFile; fileRef = D6F0F7A62BC93823006E38C4 /* FavotiteView.swift */; };
		D6F0F7A92BC93887006E38C4 /* CameraView.swift in Sources */ = {isa = PBXBuildFile; fileRef = D6F0F7A82BC93887006E38C4 /* CameraView.swift */; };
		D6F0F7AB2BC938DA006E38C4 /* TabBarView.swift in Sources */ = {isa = PBXBuildFile; fileRef = D6F0F7AA2BC938DA006E38C4 /* TabBarView.swift */; };
		D6F0F7AD2BC93908006E38C4 /* TabBarViewPresenter.swift in Sources */ = {isa = PBXBuildFile; fileRef = D6F0F7AC2BC93908006E38C4 /* TabBarViewPresenter.swift */; };
		D6F0F7AF2BC93E48006E38C4 /* MainScreenPresenter.swift in Sources */ = {isa = PBXBuildFile; fileRef = D6F0F7AE2BC93E48006E38C4 /* MainScreenPresenter.swift */; };
/* End PBXBuildFile section */

/* Begin PBXFileReference section */
		045FE8B52BCD90E500B0084E /* MainPostCell.swift */ = {isa = PBXFileReference; lastKnownFileType = sourcecode.swift; path = MainPostCell.swift; sourceTree = "<group>"; };
		045FE8B92BCD923800B0084E /* PostItem.swift */ = {isa = PBXFileReference; lastKnownFileType = sourcecode.swift; name = PostItem.swift; path = PhotoSphere/Module/MainScreenModule/View/PostItem.swift; sourceTree = SOURCE_ROOT; };
		045FE8C02BCD998300B0084E /* TagCollectionView.swift */ = {isa = PBXFileReference; lastKnownFileType = sourcecode.swift; path = TagCollectionView.swift; sourceTree = "<group>"; };
		045FE8C22BCD99E400B0084E /* TagCollectionCell.swift */ = {isa = PBXFileReference; lastKnownFileType = sourcecode.swift; path = TagCollectionCell.swift; sourceTree = "<group>"; };
		045FE8C42BCD9A4200B0084E /* UIApplication.ext.swift */ = {isa = PBXFileReference; lastKnownFileType = sourcecode.swift; path = UIApplication.ext.swift; sourceTree = "<group>"; };
		045FE8C62BCD9A6800B0084E /* Date.ext.swift */ = {isa = PBXFileReference; lastKnownFileType = sourcecode.swift; path = Date.ext.swift; sourceTree = "<group>"; };
		045FE8C92BCD9C0F00B0084E /* FavoriteViewPresenter.swift */ = {isa = PBXFileReference; lastKnownFileType = sourcecode.swift; path = FavoriteViewPresenter.swift; sourceTree = "<group>"; };
		045FE8CB2BCD9C6900B0084E /* FavoriteCell.swift */ = {isa = PBXFileReference; lastKnownFileType = sourcecode.swift; path = FavoriteCell.swift; sourceTree = "<group>"; };
		D63926422BCE6C7C00D936FB /* DetailsViewPresenter.swift */ = {isa = PBXFileReference; lastKnownFileType = sourcecode.swift; path = DetailsViewPresenter.swift; sourceTree = "<group>"; };
		D63926442BCE6D5700D936FB /* DetailsView.swift */ = {isa = PBXFileReference; lastKnownFileType = sourcecode.swift; path = DetailsView.swift; sourceTree = "<group>"; };
		D63926472BCE739E00D936FB /* NavigationHeader.swift */ = {isa = PBXFileReference; lastKnownFileType = sourcecode.swift; path = NavigationHeader.swift; sourceTree = "<group>"; };
		D6DBD9272BD1745500BE31F1 /* MainPostHeader.swift */ = {isa = PBXFileReference; lastKnownFileType = sourcecode.swift; path = MainPostHeader.swift; sourceTree = "<group>"; };
		D6F0F7422BC67F88006E38C4 /* PhotoSphere.app */ = {isa = PBXFileReference; explicitFileType = wrapper.application; includeInIndex = 0; path = PhotoSphere.app; sourceTree = BUILT_PRODUCTS_DIR; };
		D6F0F7452BC67F88006E38C4 /* AppDelegate.swift */ = {isa = PBXFileReference; lastKnownFileType = sourcecode.swift; path = AppDelegate.swift; sourceTree = "<group>"; };
		D6F0F7472BC67F88006E38C4 /* SceneDelegate.swift */ = {isa = PBXFileReference; lastKnownFileType = sourcecode.swift; path = SceneDelegate.swift; sourceTree = "<group>"; };
		D6F0F74E2BC67F89006E38C4 /* Assets.xcassets */ = {isa = PBXFileReference; lastKnownFileType = folder.assetcatalog; path = Assets.xcassets; sourceTree = "<group>"; };
		D6F0F7512BC67F89006E38C4 /* Base */ = {isa = PBXFileReference; lastKnownFileType = file.storyboard; name = Base; path = Base.lproj/LaunchScreen.storyboard; sourceTree = "<group>"; };
		D6F0F7532BC67F89006E38C4 /* Info.plist */ = {isa = PBXFileReference; lastKnownFileType = text.plist.xml; path = Info.plist; sourceTree = "<group>"; };
		D6F0F75D2BC68977006E38C4 /* PasscodeView.swift */ = {isa = PBXFileReference; lastKnownFileType = sourcecode.swift; path = PasscodeView.swift; sourceTree = "<group>"; };
		D6F0F7612BC689F6006E38C4 /* Builder.swift */ = {isa = PBXFileReference; lastKnownFileType = sourcecode.swift; path = Builder.swift; sourceTree = "<group>"; };
		D6F0F7642BC6985D006E38C4 /* PasscodePresenter.swift */ = {isa = PBXFileReference; lastKnownFileType = sourcecode.swift; path = PasscodePresenter.swift; sourceTree = "<group>"; };
		D6F0F7672BC6BF37006E38C4 /* UIView.ext.swift */ = {isa = PBXFileReference; lastKnownFileType = sourcecode.swift; path = UIView.ext.swift; sourceTree = "<group>"; };
		D6F0F76A2BC7E9F5006E38C4 /* KeychainManager.swift */ = {isa = PBXFileReference; lastKnownFileType = sourcecode.swift; path = KeychainManager.swift; sourceTree = "<group>"; };
		D6F0F76F2BC7F1F6006E38C4 /* StringProtocol.ext.swift */ = {isa = PBXFileReference; lastKnownFileType = sourcecode.swift; path = StringProtocol.ext.swift; sourceTree = "<group>"; };
		D6F0F7A22BC937CD006E38C4 /* MainScreenView.swift */ = {isa = PBXFileReference; lastKnownFileType = sourcecode.swift; path = MainScreenView.swift; sourceTree = "<group>"; };
		D6F0F7A62BC93823006E38C4 /* FavotiteView.swift */ = {isa = PBXFileReference; lastKnownFileType = sourcecode.swift; path = FavotiteView.swift; sourceTree = "<group>"; };
		D6F0F7A82BC93887006E38C4 /* CameraView.swift */ = {isa = PBXFileReference; lastKnownFileType = sourcecode.swift; path = CameraView.swift; sourceTree = "<group>"; };
		D6F0F7AA2BC938DA006E38C4 /* TabBarView.swift */ = {isa = PBXFileReference; lastKnownFileType = sourcecode.swift; path = TabBarView.swift; sourceTree = "<group>"; };
		D6F0F7AC2BC93908006E38C4 /* TabBarViewPresenter.swift */ = {isa = PBXFileReference; lastKnownFileType = sourcecode.swift; path = TabBarViewPresenter.swift; sourceTree = "<group>"; };
		D6F0F7AE2BC93E48006E38C4 /* MainScreenPresenter.swift */ = {isa = PBXFileReference; lastKnownFileType = sourcecode.swift; path = MainScreenPresenter.swift; sourceTree = "<group>"; };
/* End PBXFileReference section */

/* Begin PBXFrameworksBuildPhase section */
		D6F0F73F2BC67F88006E38C4 /* Frameworks */ = {
			isa = PBXFrameworksBuildPhase;
			buildActionMask = 2147483647;
			files = (
				D6F0F76E2BC7EAFE006E38C4 /* KeychainAccess in Frameworks */,
			);
			runOnlyForDeploymentPostprocessing = 0;
		};
/* End PBXFrameworksBuildPhase section */

/* Begin PBXGroup section */
		045FE8BB2BCD98D000B0084E /* Helpers */ = {
			isa = PBXGroup;
			children = (
				D63926462BCE732500D936FB /* Navigation header */,
				045FE8BD2BCD990700B0084E /* TagCollection */,
			);
			path = Helpers;
			sourceTree = "<group>";
		};
		045FE8BD2BCD990700B0084E /* TagCollection */ = {
			isa = PBXGroup;
			children = (
				045FE8C02BCD998300B0084E /* TagCollectionView.swift */,
				045FE8C22BCD99E400B0084E /* TagCollectionCell.swift */,
			);
			path = TagCollection;
			sourceTree = "<group>";
		};
		045FE8C82BCD9BE100B0084E /* Presenter */ = {
			isa = PBXGroup;
			children = (
				045FE8C92BCD9C0F00B0084E /* FavoriteViewPresenter.swift */,
			);
			path = Presenter;
			sourceTree = "<group>";
		};
		D639263D2BCE6B7A00D936FB /* DetailsModule */ = {
			isa = PBXGroup;
			children = (
				D639263F2BCE6BAF00D936FB /* Presenter */,
				D639263E2BCE6BA000D936FB /* View */,
			);
			path = DetailsModule;
			sourceTree = "<group>";
		};
		D639263E2BCE6BA000D936FB /* View */ = {
			isa = PBXGroup;
			children = (
				D63926442BCE6D5700D936FB /* DetailsView.swift */,
			);
			path = View;
			sourceTree = "<group>";
		};
		D639263F2BCE6BAF00D936FB /* Presenter */ = {
			isa = PBXGroup;
			children = (
				D63926422BCE6C7C00D936FB /* DetailsViewPresenter.swift */,
			);
			path = Presenter;
			sourceTree = "<group>";
		};
		D63926462BCE732500D936FB /* Navigation header */ = {
			isa = PBXGroup;
			children = (
				D63926472BCE739E00D936FB /* NavigationHeader.swift */,
			);
			path = "Navigation header";
			sourceTree = "<group>";
		};
		D6F0F7392BC67F88006E38C4 = {
			isa = PBXGroup;
			children = (
				D6F0F7442BC67F88006E38C4 /* PhotoSphere */,
				D6F0F7432BC67F88006E38C4 /* Products */,
			);
			sourceTree = "<group>";
		};
		D6F0F7432BC67F88006E38C4 /* Products */ = {
			isa = PBXGroup;
			children = (
				D6F0F7422BC67F88006E38C4 /* PhotoSphere.app */,
			);
			name = Products;
			sourceTree = "<group>";
		};
		D6F0F7442BC67F88006E38C4 /* PhotoSphere */ = {
			isa = PBXGroup;
			children = (
				045FE8BB2BCD98D000B0084E /* Helpers */,
				D6F0F7692BC7E9B4006E38C4 /* KeychainManager */,
				D6F0F7662BC6BF0C006E38C4 /* Extension */,
				D6F0F7602BC689AF006E38C4 /* Builder */,
				D6F0F7632BC68BF6006E38C4 /* Common */,
				D6F0F7592BC68886006E38C4 /* Module */,
				D6F0F74E2BC67F89006E38C4 /* Assets.xcassets */,
				D6F0F7502BC67F89006E38C4 /* LaunchScreen.storyboard */,
				D6F0F7532BC67F89006E38C4 /* Info.plist */,
			);
			path = PhotoSphere;
			sourceTree = "<group>";
		};
		D6F0F7592BC68886006E38C4 /* Module */ = {
			isa = PBXGroup;
			children = (
				D639263D2BCE6B7A00D936FB /* DetailsModule */,
				D6F0F7A12BC93705006E38C4 /* CameraModule */,
				D6F0F7A02BC936ED006E38C4 /* FavoriteModule */,
				D6F0F79C2BC93686006E38C4 /* MainScreenModule */,
				D6F0F7992BC9364B006E38C4 /* TabBarModule */,
				D6F0F75A2BC68895006E38C4 /* PasscodeModule */,
			);
			path = Module;
			sourceTree = "<group>";
		};
		D6F0F75A2BC68895006E38C4 /* PasscodeModule */ = {
			isa = PBXGroup;
			children = (
				D6F0F75F2BC6898E006E38C4 /* Presenter */,
				D6F0F75C2BC688EA006E38C4 /* View */,
				D6F0F75B2BC688CE006E38C4 /* Model */,
			);
			path = PasscodeModule;
			sourceTree = "<group>";
		};
		D6F0F75B2BC688CE006E38C4 /* Model */ = {
			isa = PBXGroup;
			children = (
			);
			path = Model;
			sourceTree = "<group>";
		};
		D6F0F75C2BC688EA006E38C4 /* View */ = {
			isa = PBXGroup;
			children = (
				D6F0F75D2BC68977006E38C4 /* PasscodeView.swift */,
			);
			path = View;
			sourceTree = "<group>";
		};
		D6F0F75F2BC6898E006E38C4 /* Presenter */ = {
			isa = PBXGroup;
			children = (
				D6F0F7642BC6985D006E38C4 /* PasscodePresenter.swift */,
			);
			path = Presenter;
			sourceTree = "<group>";
		};
		D6F0F7602BC689AF006E38C4 /* Builder */ = {
			isa = PBXGroup;
			children = (
				D6F0F7612BC689F6006E38C4 /* Builder.swift */,
			);
			path = Builder;
			sourceTree = "<group>";
		};
		D6F0F7632BC68BF6006E38C4 /* Common */ = {
			isa = PBXGroup;
			children = (
				D6F0F7452BC67F88006E38C4 /* AppDelegate.swift */,
				D6F0F7472BC67F88006E38C4 /* SceneDelegate.swift */,
			);
			path = Common;
			sourceTree = "<group>";
		};
		D6F0F7662BC6BF0C006E38C4 /* Extension */ = {
			isa = PBXGroup;
			children = (
				D6F0F7672BC6BF37006E38C4 /* UIView.ext.swift */,
				D6F0F76F2BC7F1F6006E38C4 /* StringProtocol.ext.swift */,
				045FE8C42BCD9A4200B0084E /* UIApplication.ext.swift */,
				045FE8C62BCD9A6800B0084E /* Date.ext.swift */,
			);
			path = Extension;
			sourceTree = "<group>";
		};
		D6F0F7692BC7E9B4006E38C4 /* KeychainManager */ = {
			isa = PBXGroup;
			children = (
				D6F0F76A2BC7E9F5006E38C4 /* KeychainManager.swift */,
			);
			path = KeychainManager;
			sourceTree = "<group>";
		};
		D6F0F7992BC9364B006E38C4 /* TabBarModule */ = {
			isa = PBXGroup;
			children = (
				D6F0F79B2BC9366C006E38C4 /* Presenter */,
				D6F0F79A2BC93663006E38C4 /* View */,
			);
			path = TabBarModule;
			sourceTree = "<group>";
		};
		D6F0F79A2BC93663006E38C4 /* View */ = {
			isa = PBXGroup;
			children = (
				D6F0F7AA2BC938DA006E38C4 /* TabBarView.swift */,
			);
			path = View;
			sourceTree = "<group>";
		};
		D6F0F79B2BC9366C006E38C4 /* Presenter */ = {
			isa = PBXGroup;
			children = (
				D6F0F7AC2BC93908006E38C4 /* TabBarViewPresenter.swift */,
			);
			path = Presenter;
			sourceTree = "<group>";
		};
		D6F0F79C2BC93686006E38C4 /* MainScreenModule */ = {
			isa = PBXGroup;
			children = (
				D6F0F79F2BC936B1006E38C4 /* Model */,
				D6F0F79E2BC936A0006E38C4 /* Presenter */,
				D6F0F79D2BC93697006E38C4 /* View */,
			);
			path = MainScreenModule;
			sourceTree = "<group>";
		};
		D6F0F79D2BC93697006E38C4 /* View */ = {
			isa = PBXGroup;
			children = (
				D6F0F7A22BC937CD006E38C4 /* MainScreenView.swift */,
				045FE8B52BCD90E500B0084E /* MainPostCell.swift */,
				D6DBD9272BD1745500BE31F1 /* MainPostHeader.swift */,
			);
			path = View;
			sourceTree = "<group>";
		};
		D6F0F79E2BC936A0006E38C4 /* Presenter */ = {
			isa = PBXGroup;
			children = (
				D6F0F7AE2BC93E48006E38C4 /* MainScreenPresenter.swift */,
			);
			path = Presenter;
			sourceTree = "<group>";
		};
		D6F0F79F2BC936B1006E38C4 /* Model */ = {
			isa = PBXGroup;
			children = (
				045FE8B92BCD923800B0084E /* PostItem.swift */,
			);
			path = Model;
			sourceTree = "<group>";
		};
		D6F0F7A02BC936ED006E38C4 /* FavoriteModule */ = {
			isa = PBXGroup;
			children = (
				045FE8C82BCD9BE100B0084E /* Presenter */,
				D6F0F7A42BC937DB006E38C4 /* View */,
			);
			path = FavoriteModule;
			sourceTree = "<group>";
		};
		D6F0F7A12BC93705006E38C4 /* CameraModule */ = {
			isa = PBXGroup;
			children = (
				D6F0F7A52BC937E5006E38C4 /* View */,
			);
			path = CameraModule;
			sourceTree = "<group>";
		};
		D6F0F7A42BC937DB006E38C4 /* View */ = {
			isa = PBXGroup;
			children = (
				D6F0F7A62BC93823006E38C4 /* FavotiteView.swift */,
				045FE8CB2BCD9C6900B0084E /* FavoriteCell.swift */,
			);
			path = View;
			sourceTree = "<group>";
		};
		D6F0F7A52BC937E5006E38C4 /* View */ = {
			isa = PBXGroup;
			children = (
				D6F0F7A82BC93887006E38C4 /* CameraView.swift */,
			);
			path = View;
			sourceTree = "<group>";
		};
/* End PBXGroup section */

/* Begin PBXNativeTarget section */
		D6F0F7412BC67F88006E38C4 /* PhotoSphere */ = {
			isa = PBXNativeTarget;
			buildConfigurationList = D6F0F7562BC67F89006E38C4 /* Build configuration list for PBXNativeTarget "PhotoSphere" */;
			buildPhases = (
				D6F0F73E2BC67F88006E38C4 /* Sources */,
				D6F0F73F2BC67F88006E38C4 /* Frameworks */,
				D6F0F7402BC67F88006E38C4 /* Resources */,
			);
			buildRules = (
			);
			dependencies = (
			);
			name = PhotoSphere;
			packageProductDependencies = (
				D6F0F76D2BC7EAFE006E38C4 /* KeychainAccess */,
			);
			productName = PhotoSphere;
			productReference = D6F0F7422BC67F88006E38C4 /* PhotoSphere.app */;
			productType = "com.apple.product-type.application";
		};
/* End PBXNativeTarget section */

/* Begin PBXProject section */
		D6F0F73A2BC67F88006E38C4 /* Project object */ = {
			isa = PBXProject;
			attributes = {
				BuildIndependentTargetsInParallel = 1;
				LastSwiftUpdateCheck = 1500;
				LastUpgradeCheck = 1500;
				TargetAttributes = {
					D6F0F7412BC67F88006E38C4 = {
						CreatedOnToolsVersion = 15.0.1;
					};
				};
			};
			buildConfigurationList = D6F0F73D2BC67F88006E38C4 /* Build configuration list for PBXProject "PhotoSphere" */;
			compatibilityVersion = "Xcode 14.0";
			developmentRegion = en;
			hasScannedForEncodings = 0;
			knownRegions = (
				en,
				Base,
			);
			mainGroup = D6F0F7392BC67F88006E38C4;
			packageReferences = (
				D6F0F76C2BC7EAFE006E38C4 /* XCRemoteSwiftPackageReference "KeychainAccess" */,
			);
			productRefGroup = D6F0F7432BC67F88006E38C4 /* Products */;
			projectDirPath = "";
			projectRoot = "";
			targets = (
				D6F0F7412BC67F88006E38C4 /* PhotoSphere */,
			);
		};
/* End PBXProject section */

/* Begin PBXResourcesBuildPhase section */
		D6F0F7402BC67F88006E38C4 /* Resources */ = {
			isa = PBXResourcesBuildPhase;
			buildActionMask = 2147483647;
			files = (
				D6F0F7522BC67F89006E38C4 /* LaunchScreen.storyboard in Resources */,
				D6F0F74F2BC67F89006E38C4 /* Assets.xcassets in Resources */,
			);
			runOnlyForDeploymentPostprocessing = 0;
		};
/* End PBXResourcesBuildPhase section */

/* Begin PBXSourcesBuildPhase section */
		D6F0F73E2BC67F88006E38C4 /* Sources */ = {
			isa = PBXSourcesBuildPhase;
			buildActionMask = 2147483647;
			files = (
				D6F0F7AD2BC93908006E38C4 /* TabBarViewPresenter.swift in Sources */,
				D6F0F7A72BC93823006E38C4 /* FavotiteView.swift in Sources */,
				045FE8C32BCD99E400B0084E /* TagCollectionCell.swift in Sources */,
				D6DBD9282BD1745500BE31F1 /* MainPostHeader.swift in Sources */,
				045FE8BA2BCD923800B0084E /* PostItem.swift in Sources */,
				D6F0F75E2BC68977006E38C4 /* PasscodeView.swift in Sources */,
				045FE8C52BCD9A4200B0084E /* UIApplication.ext.swift in Sources */,
				045FE8CA2BCD9C0F00B0084E /* FavoriteViewPresenter.swift in Sources */,
				D6F0F7462BC67F88006E38C4 /* AppDelegate.swift in Sources */,
				045FE8C72BCD9A6800B0084E /* Date.ext.swift in Sources */,
				D6F0F76B2BC7E9F5006E38C4 /* KeychainManager.swift in Sources */,
				D63926452BCE6D5700D936FB /* DetailsView.swift in Sources */,
				D6F0F7702BC7F1F6006E38C4 /* StringProtocol.ext.swift in Sources */,
				D6F0F7A32BC937CD006E38C4 /* MainScreenView.swift in Sources */,
				045FE8C12BCD998300B0084E /* TagCollectionView.swift in Sources */,
				D6F0F7482BC67F88006E38C4 /* SceneDelegate.swift in Sources */,
				D6F0F7A92BC93887006E38C4 /* CameraView.swift in Sources */,
				D6F0F7AF2BC93E48006E38C4 /* MainScreenPresenter.swift in Sources */,
				D6F0F7622BC689F6006E38C4 /* Builder.swift in Sources */,
				D6F0F7652BC6985D006E38C4 /* PasscodePresenter.swift in Sources */,
				D63926432BCE6C7C00D936FB /* DetailsViewPresenter.swift in Sources */,
				D6F0F7AB2BC938DA006E38C4 /* TabBarView.swift in Sources */,
				D63926482BCE739E00D936FB /* NavigationHeader.swift in Sources */,
				045FE8CC2BCD9C6900B0084E /* FavoriteCell.swift in Sources */,
				045FE8B62BCD90E500B0084E /* MainPostCell.swift in Sources */,
				D6F0F7682BC6BF37006E38C4 /* UIView.ext.swift in Sources */,
			);
			runOnlyForDeploymentPostprocessing = 0;
		};
/* End PBXSourcesBuildPhase section */

/* Begin PBXVariantGroup section */
		D6F0F7502BC67F89006E38C4 /* LaunchScreen.storyboard */ = {
			isa = PBXVariantGroup;
			children = (
				D6F0F7512BC67F89006E38C4 /* Base */,
			);
			name = LaunchScreen.storyboard;
			sourceTree = "<group>";
		};
/* End PBXVariantGroup section */

/* Begin XCBuildConfiguration section */
		D6F0F7542BC67F89006E38C4 /* Debug */ = {
			isa = XCBuildConfiguration;
			buildSettings = {
				ALWAYS_SEARCH_USER_PATHS = NO;
				ASSETCATALOG_COMPILER_GENERATE_SWIFT_ASSET_SYMBOL_EXTENSIONS = YES;
				CLANG_ANALYZER_NONNULL = YES;
				CLANG_ANALYZER_NUMBER_OBJECT_CONVERSION = YES_AGGRESSIVE;
				CLANG_CXX_LANGUAGE_STANDARD = "gnu++20";
				CLANG_ENABLE_MODULES = YES;
				CLANG_ENABLE_OBJC_ARC = YES;
				CLANG_ENABLE_OBJC_WEAK = YES;
				CLANG_WARN_BLOCK_CAPTURE_AUTORELEASING = YES;
				CLANG_WARN_BOOL_CONVERSION = YES;
				CLANG_WARN_COMMA = YES;
				CLANG_WARN_CONSTANT_CONVERSION = YES;
				CLANG_WARN_DEPRECATED_OBJC_IMPLEMENTATIONS = YES;
				CLANG_WARN_DIRECT_OBJC_ISA_USAGE = YES_ERROR;
				CLANG_WARN_DOCUMENTATION_COMMENTS = YES;
				CLANG_WARN_EMPTY_BODY = YES;
				CLANG_WARN_ENUM_CONVERSION = YES;
				CLANG_WARN_INFINITE_RECURSION = YES;
				CLANG_WARN_INT_CONVERSION = YES;
				CLANG_WARN_NON_LITERAL_NULL_CONVERSION = YES;
				CLANG_WARN_OBJC_IMPLICIT_RETAIN_SELF = YES;
				CLANG_WARN_OBJC_LITERAL_CONVERSION = YES;
				CLANG_WARN_OBJC_ROOT_CLASS = YES_ERROR;
				CLANG_WARN_QUOTED_INCLUDE_IN_FRAMEWORK_HEADER = YES;
				CLANG_WARN_RANGE_LOOP_ANALYSIS = YES;
				CLANG_WARN_STRICT_PROTOTYPES = YES;
				CLANG_WARN_SUSPICIOUS_MOVE = YES;
				CLANG_WARN_UNGUARDED_AVAILABILITY = YES_AGGRESSIVE;
				CLANG_WARN_UNREACHABLE_CODE = YES;
				CLANG_WARN__DUPLICATE_METHOD_MATCH = YES;
				COPY_PHASE_STRIP = NO;
				DEBUG_INFORMATION_FORMAT = dwarf;
				ENABLE_STRICT_OBJC_MSGSEND = YES;
				ENABLE_TESTABILITY = YES;
				ENABLE_USER_SCRIPT_SANDBOXING = YES;
				GCC_C_LANGUAGE_STANDARD = gnu17;
				GCC_DYNAMIC_NO_PIC = NO;
				GCC_NO_COMMON_BLOCKS = YES;
				GCC_OPTIMIZATION_LEVEL = 0;
				GCC_PREPROCESSOR_DEFINITIONS = (
					"DEBUG=1",
					"$(inherited)",
				);
				GCC_WARN_64_TO_32_BIT_CONVERSION = YES;
				GCC_WARN_ABOUT_RETURN_TYPE = YES_ERROR;
				GCC_WARN_UNDECLARED_SELECTOR = YES;
				GCC_WARN_UNINITIALIZED_AUTOS = YES_AGGRESSIVE;
				GCC_WARN_UNUSED_FUNCTION = YES;
				GCC_WARN_UNUSED_VARIABLE = YES;
				IPHONEOS_DEPLOYMENT_TARGET = 17.0;
				LOCALIZATION_PREFERS_STRING_CATALOGS = YES;
				MTL_ENABLE_DEBUG_INFO = INCLUDE_SOURCE;
				MTL_FAST_MATH = YES;
				ONLY_ACTIVE_ARCH = YES;
				SDKROOT = iphoneos;
				SWIFT_ACTIVE_COMPILATION_CONDITIONS = "DEBUG $(inherited)";
				SWIFT_OPTIMIZATION_LEVEL = "-Onone";
			};
			name = Debug;
		};
		D6F0F7552BC67F89006E38C4 /* Release */ = {
			isa = XCBuildConfiguration;
			buildSettings = {
				ALWAYS_SEARCH_USER_PATHS = NO;
				ASSETCATALOG_COMPILER_GENERATE_SWIFT_ASSET_SYMBOL_EXTENSIONS = YES;
				CLANG_ANALYZER_NONNULL = YES;
				CLANG_ANALYZER_NUMBER_OBJECT_CONVERSION = YES_AGGRESSIVE;
				CLANG_CXX_LANGUAGE_STANDARD = "gnu++20";
				CLANG_ENABLE_MODULES = YES;
				CLANG_ENABLE_OBJC_ARC = YES;
				CLANG_ENABLE_OBJC_WEAK = YES;
				CLANG_WARN_BLOCK_CAPTURE_AUTORELEASING = YES;
				CLANG_WARN_BOOL_CONVERSION = YES;
				CLANG_WARN_COMMA = YES;
				CLANG_WARN_CONSTANT_CONVERSION = YES;
				CLANG_WARN_DEPRECATED_OBJC_IMPLEMENTATIONS = YES;
				CLANG_WARN_DIRECT_OBJC_ISA_USAGE = YES_ERROR;
				CLANG_WARN_DOCUMENTATION_COMMENTS = YES;
				CLANG_WARN_EMPTY_BODY = YES;
				CLANG_WARN_ENUM_CONVERSION = YES;
				CLANG_WARN_INFINITE_RECURSION = YES;
				CLANG_WARN_INT_CONVERSION = YES;
				CLANG_WARN_NON_LITERAL_NULL_CONVERSION = YES;
				CLANG_WARN_OBJC_IMPLICIT_RETAIN_SELF = YES;
				CLANG_WARN_OBJC_LITERAL_CONVERSION = YES;
				CLANG_WARN_OBJC_ROOT_CLASS = YES_ERROR;
				CLANG_WARN_QUOTED_INCLUDE_IN_FRAMEWORK_HEADER = YES;
				CLANG_WARN_RANGE_LOOP_ANALYSIS = YES;
				CLANG_WARN_STRICT_PROTOTYPES = YES;
				CLANG_WARN_SUSPICIOUS_MOVE = YES;
				CLANG_WARN_UNGUARDED_AVAILABILITY = YES_AGGRESSIVE;
				CLANG_WARN_UNREACHABLE_CODE = YES;
				CLANG_WARN__DUPLICATE_METHOD_MATCH = YES;
				COPY_PHASE_STRIP = NO;
				DEBUG_INFORMATION_FORMAT = "dwarf-with-dsym";
				ENABLE_NS_ASSERTIONS = NO;
				ENABLE_STRICT_OBJC_MSGSEND = YES;
				ENABLE_USER_SCRIPT_SANDBOXING = YES;
				GCC_C_LANGUAGE_STANDARD = gnu17;
				GCC_NO_COMMON_BLOCKS = YES;
				GCC_WARN_64_TO_32_BIT_CONVERSION = YES;
				GCC_WARN_ABOUT_RETURN_TYPE = YES_ERROR;
				GCC_WARN_UNDECLARED_SELECTOR = YES;
				GCC_WARN_UNINITIALIZED_AUTOS = YES_AGGRESSIVE;
				GCC_WARN_UNUSED_FUNCTION = YES;
				GCC_WARN_UNUSED_VARIABLE = YES;
				IPHONEOS_DEPLOYMENT_TARGET = 17.0;
				LOCALIZATION_PREFERS_STRING_CATALOGS = YES;
				MTL_ENABLE_DEBUG_INFO = NO;
				MTL_FAST_MATH = YES;
				SDKROOT = iphoneos;
				SWIFT_COMPILATION_MODE = wholemodule;
				VALIDATE_PRODUCT = YES;
			};
			name = Release;
		};
		D6F0F7572BC67F89006E38C4 /* Debug */ = {
			isa = XCBuildConfiguration;
			buildSettings = {
				ASSETCATALOG_COMPILER_APPICON_NAME = AppIcon;
				ASSETCATALOG_COMPILER_GLOBAL_ACCENT_COLOR_NAME = AccentColor;
				CODE_SIGN_STYLE = Automatic;
				CURRENT_PROJECT_VERSION = 1;
				DEVELOPMENT_TEAM = VLU93KXK2X;
				GENERATE_INFOPLIST_FILE = YES;
				INFOPLIST_FILE = PhotoSphere/Info.plist;
				INFOPLIST_KEY_UIApplicationSupportsIndirectInputEvents = YES;
				INFOPLIST_KEY_UILaunchStoryboardName = LaunchScreen;
				INFOPLIST_KEY_UISupportedInterfaceOrientations_iPad = "UIInterfaceOrientationPortrait UIInterfaceOrientationPortraitUpsideDown UIInterfaceOrientationLandscapeLeft UIInterfaceOrientationLandscapeRight";
				INFOPLIST_KEY_UISupportedInterfaceOrientations_iPhone = "UIInterfaceOrientationPortrait UIInterfaceOrientationLandscapeLeft UIInterfaceOrientationLandscapeRight";
				LD_RUNPATH_SEARCH_PATHS = (
					"$(inherited)",
					"@executable_path/Frameworks",
				);
				MARKETING_VERSION = 1.0;
				PRODUCT_BUNDLE_IDENTIFIER = com.gamidov.PhotoSphere;
				PRODUCT_NAME = "$(TARGET_NAME)";
				SWIFT_EMIT_LOC_STRINGS = YES;
				SWIFT_VERSION = 5.0;
				TARGETED_DEVICE_FAMILY = "1,2";
			};
			name = Debug;
		};
		D6F0F7582BC67F89006E38C4 /* Release */ = {
			isa = XCBuildConfiguration;
			buildSettings = {
				ASSETCATALOG_COMPILER_APPICON_NAME = AppIcon;
				ASSETCATALOG_COMPILER_GLOBAL_ACCENT_COLOR_NAME = AccentColor;
				CODE_SIGN_STYLE = Automatic;
				CURRENT_PROJECT_VERSION = 1;
				DEVELOPMENT_TEAM = VLU93KXK2X;
				GENERATE_INFOPLIST_FILE = YES;
				INFOPLIST_FILE = PhotoSphere/Info.plist;
				INFOPLIST_KEY_UIApplicationSupportsIndirectInputEvents = YES;
				INFOPLIST_KEY_UILaunchStoryboardName = LaunchScreen;
				INFOPLIST_KEY_UISupportedInterfaceOrientations_iPad = "UIInterfaceOrientationPortrait UIInterfaceOrientationPortraitUpsideDown UIInterfaceOrientationLandscapeLeft UIInterfaceOrientationLandscapeRight";
				INFOPLIST_KEY_UISupportedInterfaceOrientations_iPhone = "UIInterfaceOrientationPortrait UIInterfaceOrientationLandscapeLeft UIInterfaceOrientationLandscapeRight";
				LD_RUNPATH_SEARCH_PATHS = (
					"$(inherited)",
					"@executable_path/Frameworks",
				);
				MARKETING_VERSION = 1.0;
				PRODUCT_BUNDLE_IDENTIFIER = com.gamidov.PhotoSphere;
				PRODUCT_NAME = "$(TARGET_NAME)";
				SWIFT_EMIT_LOC_STRINGS = YES;
				SWIFT_VERSION = 5.0;
				TARGETED_DEVICE_FAMILY = "1,2";
			};
			name = Release;
		};
/* End XCBuildConfiguration section */

/* Begin XCConfigurationList section */
		D6F0F73D2BC67F88006E38C4 /* Build configuration list for PBXProject "PhotoSphere" */ = {
			isa = XCConfigurationList;
			buildConfigurations = (
				D6F0F7542BC67F89006E38C4 /* Debug */,
				D6F0F7552BC67F89006E38C4 /* Release */,
			);
			defaultConfigurationIsVisible = 0;
			defaultConfigurationName = Release;
		};
		D6F0F7562BC67F89006E38C4 /* Build configuration list for PBXNativeTarget "PhotoSphere" */ = {
			isa = XCConfigurationList;
			buildConfigurations = (
				D6F0F7572BC67F89006E38C4 /* Debug */,
				D6F0F7582BC67F89006E38C4 /* Release */,
			);
			defaultConfigurationIsVisible = 0;
			defaultConfigurationName = Release;
		};
/* End XCConfigurationList section */

/* Begin XCRemoteSwiftPackageReference section */
		D6F0F76C2BC7EAFE006E38C4 /* XCRemoteSwiftPackageReference "KeychainAccess" */ = {
			isa = XCRemoteSwiftPackageReference;
			repositoryURL = "https://github.com/kishikawakatsumi/KeychainAccess";
			requirement = {
				branch = master;
				kind = branch;
			};
		};
/* End XCRemoteSwiftPackageReference section */

/* Begin XCSwiftPackageProductDependency section */
		D6F0F76D2BC7EAFE006E38C4 /* KeychainAccess */ = {
			isa = XCSwiftPackageProductDependency;
			package = D6F0F76C2BC7EAFE006E38C4 /* XCRemoteSwiftPackageReference "KeychainAccess" */;
			productName = KeychainAccess;
		};
/* End XCSwiftPackageProductDependency section */
	};
	rootObject = D6F0F73A2BC67F88006E38C4 /* Project object */;
}
